
Microsoft Visual Studio Solution File, Format Version 11.00
# Visual Studio 2010
Project("{FAE04EC0-301F-11D3-BF4B-00C04F79EFBC}") = "RemoteTech", "RemoteTech.csproj", "{70477E5D-A9B6-42EE-B3BE-1CBECDA01B8A}"
EndProject
Project("{FAE04EC0-301F-11D3-BF4B-00C04F79EFBC}") = "Progcom", "..\Progcom\Progcom.csproj", "{E6773979-5EFC-4772-B47F-1E1B684DEEBE}"
EndProject
Global
	GlobalSection(SolutionConfigurationPlatforms) = preSolution
		Debug|Any CPU = Debug|Any CPU
		Debug|Mixed Platforms = Debug|Mixed Platforms
		Debug|x86 = Debug|x86
		Release|Any CPU = Release|Any CPU
		Release|Mixed Platforms = Release|Mixed Platforms
		Release|x86 = Release|x86
	EndGlobalSection
	GlobalSection(ProjectConfigurationPlatforms) = postSolution
		{70477E5D-A9B6-42EE-B3BE-1CBECDA01B8A}.Debug|Any CPU.ActiveCfg = Debug|Any CPU
		{70477E5D-A9B6-42EE-B3BE-1CBECDA01B8A}.Debug|Any CPU.Build.0 = Debug|Any CPU
		{70477E5D-A9B6-42EE-B3BE-1CBECDA01B8A}.Debug|Mixed Platforms.ActiveCfg = Debug|Any CPU
		{70477E5D-A9B6-42EE-B3BE-1CBECDA01B8A}.Debug|Mixed Platforms.Build.0 = Debug|Any CPU
		{70477E5D-A9B6-42EE-B3BE-1CBECDA01B8A}.Debug|x86.ActiveCfg = Debug|Any CPU
		{70477E5D-A9B6-42EE-B3BE-1CBECDA01B8A}.Release|Any CPU.ActiveCfg = Release|Any CPU
		{70477E5D-A9B6-42EE-B3BE-1CBECDA01B8A}.Release|Any CPU.Build.0 = Release|Any CPU
		{70477E5D-A9B6-42EE-B3BE-1CBECDA01B8A}.Release|Mixed Platforms.ActiveCfg = Release|Any CPU
		{70477E5D-A9B6-42EE-B3BE-1CBECDA01B8A}.Release|Mixed Platforms.Build.0 = Release|Any CPU
		{70477E5D-A9B6-42EE-B3BE-1CBECDA01B8A}.Release|x86.ActiveCfg = Release|Any CPU
		{E6773979-5EFC-4772-B47F-1E1B684DEEBE}.Debug|Any CPU.ActiveCfg = Debug|x86
		{E6773979-5EFC-4772-B47F-1E1B684DEEBE}.Debug|Mixed Platforms.ActiveCfg = Debug|x86
		{E6773979-5EFC-4772-B47F-1E1B684DEEBE}.Debug|Mixed Platforms.Build.0 = Debug|x86
		{E6773979-5EFC-4772-B47F-1E1B684DEEBE}.Debug|x86.ActiveCfg = Debug|x86
		{E6773979-5EFC-4772-B47F-1E1B684DEEBE}.Debug|x86.Build.0 = Debug|x86
		{E6773979-5EFC-4772-B47F-1E1B684DEEBE}.Release|Any CPU.ActiveCfg = Release|x86
		{E6773979-5EFC-4772-B47F-1E1B684DEEBE}.Release|Mixed Platforms.ActiveCfg = Release|x86
		{E6773979-5EFC-4772-B47F-1E1B684DEEBE}.Release|Mixed Platforms.Build.0 = Release|x86
		{E6773979-5EFC-4772-B47F-1E1B684DEEBE}.Release|x86.ActiveCfg = Release|x86
		{E6773979-5EFC-4772-B47F-1E1B684DEEBE}.Release|x86.Build.0 = Release|x86
	EndGlobalSection
	GlobalSection(SolutionProperties) = preSolution
		HideSolutionNode = FALSE
	EndGlobalSection
	GlobalSection(MonoDevelopProperties) = preSolution
		StartupItem = RemoteTech.csproj
		Policies = $0
		$0.TextStylePolicy = $1
		$1.FileWidth = 120
		$1.inheritsSet = VisualStudio
		$1.inheritsScope = text/plain
		$1.scope = text/x-csharp
		$0.CSharpFormattingPolicy = $2
		$2.IndentSwitchBody = True
		$2.ClassBraceStyle = EndOfLine
		$2.InterfaceBraceStyle = EndOfLine
		$2.StructBraceStyle = EndOfLine
		$2.EnumBraceStyle = EndOfLine
		$2.MethodBraceStyle = EndOfLine
		$2.ConstructorBraceStyle = EndOfLine
		$2.DestructorBraceStyle = EndOfLine
		$2.IfElseBraceForcement = AddBraces
		$2.ForBraceForcement = AddBraces
		$2.ForEachBraceForcement = AddBraces
		$2.WhileBraceForcement = AddBraces
		$2.UsingBraceForcement = AddBraces
		$2.FixedBraceForcement = AddBraces
		$2.BeforeMethodDeclarationParentheses = False
		$2.BeforeMethodCallParentheses = False
		$2.BeforeConstructorDeclarationParentheses = False
		$2.BeforeDelegateDeclarationParentheses = False
		$2.NewParentheses = False
		$2.SpacesBeforeBrackets = False
		$2.inheritsSet = Mono
		$2.inheritsScope = text/x-csharp
		$2.scope = text/x-csharp
		$0.TextStylePolicy = $3
		$3.FileWidth = 120
		$3.IndentWidth = 8
		$3.inheritsSet = VisualStudio
		$3.inheritsScope = text/plain
		$3.scope = text/plain
		$0.NameConventionPolicy = $4
		$4.Rules = $5
		$5.NamingRule = $6
		$6.Name = Namespaces
		$6.AffectedEntity = Namespace
		$6.VisibilityMask = VisibilityMask
		$6.NamingStyle = PascalCase
		$6.IncludeInstanceMembers = True
		$6.IncludeStaticEntities = True
		$5.NamingRule = $7
		$7.Name = Types
		$7.AffectedEntity = Class, Struct, Enum, Delegate
		$7.VisibilityMask = VisibilityMask
		$7.NamingStyle = PascalCase
		$7.IncludeInstanceMembers = True
		$7.IncludeStaticEntities = True
		$5.NamingRule = $8
		$8.Name = Interfaces
		$8.RequiredPrefixes = $9
		$9.String = I
		$8.AffectedEntity = Interface
		$8.VisibilityMask = VisibilityMask
		$8.NamingStyle = PascalCase
		$8.IncludeInstanceMembers = True
		$8.IncludeStaticEntities = True
		$5.NamingRule = $10
		$10.Name = Attributes
		$10.RequiredSuffixes = $11
		$11.String = Attribute
		$10.AffectedEntity = CustomAttributes
		$10.VisibilityMask = VisibilityMask
		$10.NamingStyle = PascalCase
		$10.IncludeInstanceMembers = True
		$10.IncludeStaticEntities = True
		$5.NamingRule = $12
		$12.Name = Event Arguments
		$12.RequiredSuffixes = $13
		$13.String = EventArgs
		$12.AffectedEntity = CustomEventArgs
		$12.VisibilityMask = VisibilityMask
		$12.NamingStyle = PascalCase
		$12.IncludeInstanceMembers = True
		$12.IncludeStaticEntities = True
		$5.NamingRule = $14
		$14.Name = Exceptions
		$14.RequiredSuffixes = $15
		$15.String = Exception
		$14.AffectedEntity = CustomExceptions
		$14.VisibilityMask = VisibilityMask
		$14.NamingStyle = PascalCase
		$14.IncludeInstanceMembers = True
		$14.IncludeStaticEntities = True
		$5.NamingRule = $16
		$16.Name = Methods
		$16.AffectedEntity = Methods
		$16.VisibilityMask = VisibilityMask
		$16.NamingStyle = PascalCase
		$16.IncludeInstanceMembers = True
		$16.IncludeStaticEntities = True
		$5.NamingRule = $17
		$17.Name = Static Readonly Fields
		$17.AffectedEntity = ReadonlyField
		$17.VisibilityMask = Internal, Protected, Public
		$17.NamingStyle = PascalCase
		$17.IncludeInstanceMembers = False
		$17.IncludeStaticEntities = True
		$5.NamingRule = $18
		$18.Name = Fields (Non Private)
		$18.AllowedPrefixes = $19
		$19.String = p
		$18.AffectedEntity = Field
		$18.VisibilityMask = Internal, Protected, Public
		$18.NamingStyle = PascalCase
		$18.IncludeInstanceMembers = True
		$18.IncludeStaticEntities = True
		$5.NamingRule = $20
		$20.Name = ReadOnly Fields (Non Private)
		$20.AffectedEntity = ReadonlyField
		$20.VisibilityMask = Internal, Protected, Public
		$20.NamingStyle = PascalCase
		$20.IncludeInstanceMembers = True
		$20.IncludeStaticEntities = False
		$5.NamingRule = $21
		$21.Name = Fields (Private)
		$21.AllowedPrefixes = $22
		$22.String = _
		$22.String = m_
		$21.AffectedEntity = Field, ReadonlyField
		$21.VisibilityMask = Private
		$21.NamingStyle = CamelCase
		$21.IncludeInstanceMembers = True
		$21.IncludeStaticEntities = False
		$5.NamingRule = $23
		$23.Name = Static Fields (Private)
		$23.AffectedEntity = Field
		$23.VisibilityMask = Private
		$23.NamingStyle = CamelCase
		$23.IncludeInstanceMembers = False
		$23.IncludeStaticEntities = True
		$5.NamingRule = $24
		$24.Name = ReadOnly Fields (Private)
		$24.AllowedPrefixes = $25
		$25.String = _
		$25.String = m_
		$24.AffectedEntity = ReadonlyField
		$24.VisibilityMask = Private
		$24.NamingStyle = CamelCase
		$24.IncludeInstanceMembers = True
		$24.IncludeStaticEntities = False
		$5.NamingRule = $26
		$26.Name = Constant Fields
		$26.AffectedEntity = ConstantField
		$26.VisibilityMask = VisibilityMask
		$26.NamingStyle = PascalCase
		$26.IncludeInstanceMembers = True
		$26.IncludeStaticEntities = True
		$5.NamingRule = $27
		$27.Name = Properties
		$27.AffectedEntity = Property
		$27.VisibilityMask = VisibilityMask
		$27.NamingStyle = PascalCase
		$27.IncludeInstanceMembers = True
		$27.IncludeStaticEntities = True
		$5.NamingRule = $28
		$28.Name = Events
		$28.AffectedEntity = Event
		$28.VisibilityMask = VisibilityMask
		$28.NamingStyle = PascalCase
		$28.IncludeInstanceMembers = True
		$28.IncludeStaticEntities = True
		$5.NamingRule = $29
		$29.Name = Enum Members
		$29.AffectedEntity = EnumMember
		$29.VisibilityMask = VisibilityMask
		$29.NamingStyle = PascalCase
		$29.IncludeInstanceMembers = True
		$29.IncludeStaticEntities = True
		$5.NamingRule = $30
		$30.Name = Parameters
		$30.AffectedEntity = Parameter
		$30.VisibilityMask = VisibilityMask
		$30.NamingStyle = CamelCase
		$30.IncludeInstanceMembers = True
		$30.IncludeStaticEntities = True
		$5.NamingRule = $31
		$31.Name = Type Parameters
		$31.RequiredPrefixes = $32
		$32.String = T
		$31.AffectedEntity = TypeParameter
		$31.VisibilityMask = VisibilityMask
		$31.NamingStyle = PascalCase
		$31.IncludeInstanceMembers = True
		$31.IncludeStaticEntities = True
	EndGlobalSection
EndGlobal
